
Microsoft Visual Studio Solution File, Format Version 12.00
# Visual Studio Version 17
VisualStudioVersion = 17.10.35013.160
MinimumVisualStudioVersion = 10.0.40219.1
Project("{FAE04EC0-301F-11D3-BF4B-00C04F79EFBC}") = "githubActions", "githubActions.csproj", "{884FE6AF-F759-4673-BE28-32BAF98C132E}"
EndProject
Global
	GlobalSection(SolutionConfigurationPlatforms) = preSolution
		Debug|Any CPU = Debug|Any CPU
		Release|Any CPU = Release|Any CPU
	EndGlobalSection
	GlobalSection(ProjectConfigurationPlatforms) = postSolution
		{884FE6AF-F759-4673-BE28-32BAF98C132E}.Debug|Any CPU.ActiveCfg = Debug|Any CPU
		{884FE6AF-F759-4673-BE28-32BAF98C132E}.Debug|Any CPU.Build.0 = Debug|Any CPU
		{884FE6AF-F759-4673-BE28-32BAF98C132E}.Release|Any CPU.ActiveCfg = Release|Any CPU
		{884FE6AF-F759-4673-BE28-32BAF98C132E}.Release|Any CPU.Build.0 = Release|Any CPU
	EndGlobalSection
	GlobalSection(SolutionProperties) = preSolution
		HideSolutionNode = FALSE
	EndGlobalSection
	GlobalSection(ExtensibilityGlobals) = postSolution
		SolutionGuid = {00AD22F0-15ED-4078-97EF-A4AD684A3435}
	EndGlobalSection
EndGlobal
